{
  "name": "mahnisifarisim.az",
  "lockfileVersion": 3,
  "requires": true,
  "packages": {
    "": {
      "name": "mahnisifarisim.az",
      "dependencies": {
        "express-fileupload": "^1.4.0"
      }
    },
    "node_modules/express-fileupload": {
      "version": "1.4.0",
      "resolved": "https://registry.npmjs.org/express-fileupload/-/express-fileupload-1.4.0.tgz",
      "integrity": "sha512-WHljv1VXxyPzSPLwIbPVaqbt6Rk+P7mHeZKuD/MEB31f5hQ1ZQLp5J1KDzt0O1IjAcK3q6eWhbDHEJZhvwDQ9Q==",
      "dependencies": {
        "busboy": "^1.6.0"
      }
    }
  },
  "dependencies": {
    "express-fileupload": {
      "version": "1.4.0",
      "resolved": "https://registry.npmjs.org/express-fileupload/-/express-fileupload-1.4.0.tgz",
      "integrity": "sha512-WHljv1VXxyPzSPLwIbPVaqbt6Rk+P7mHeZKuD/MEB31f5hQ1ZQLp5J1KDzt0O1IjAcK3q6eWhbDHEJZhvwDQ9Q==",
      "requires": {
        "busboy": "^1.6.0"
      }
    }
  }
}